
Microsoft Visual Studio Solution File, Format Version 12.00
# Visual Studio Version 17
VisualStudioVersion = 17.0.31903.59
MinimumVisualStudioVersion = 10.0.40219.1
Project("{9A19103F-16F7-4668-BE54-9A1E7A4F7556}") = "TodoApp.Core", "TodoApp.Core\TodoApp.Core.csproj", "{F97AF564-4C87-4C3C-B022-09F2BCD80359}"
EndProject
Project("{9A19103F-16F7-4668-BE54-9A1E7A4F7556}") = "TodoApp.Infra", "TodoApp.Infra\TodoApp.Infra.csproj", "{E0CD8ED1-A54C-46AD-AFCF-0471DBCADA88}"
EndProject
Project("{9A19103F-16F7-4668-BE54-9A1E7A4F7556}") = "TodoApp.Api", "TodoApp.Api\TodoApp.Api.csproj", "{E00C509D-BAAE-4B54-8A98-25F0B427B588}"
EndProject
Global
	GlobalSection(SolutionConfigurationPlatforms) = preSolution
		Debug|Any CPU = Debug|Any CPU
		Release|Any CPU = Release|Any CPU
	EndGlobalSection
	GlobalSection(ProjectConfigurationPlatforms) = postSolution
		{F97AF564-4C87-4C3C-B022-09F2BCD80359}.Debug|Any CPU.ActiveCfg = Debug|Any CPU
		{F97AF564-4C87-4C3C-B022-09F2BCD80359}.Debug|Any CPU.Build.0 = Debug|Any CPU
		{F97AF564-4C87-4C3C-B022-09F2BCD80359}.Release|Any CPU.ActiveCfg = Release|Any CPU
		{F97AF564-4C87-4C3C-B022-09F2BCD80359}.Release|Any CPU.Build.0 = Release|Any CPU
		{E0CD8ED1-A54C-46AD-AFCF-0471DBCADA88}.Debug|Any CPU.ActiveCfg = Debug|Any CPU
		{E0CD8ED1-A54C-46AD-AFCF-0471DBCADA88}.Debug|Any CPU.Build.0 = Debug|Any CPU
		{E0CD8ED1-A54C-46AD-AFCF-0471DBCADA88}.Release|Any CPU.ActiveCfg = Release|Any CPU
		{E0CD8ED1-A54C-46AD-AFCF-0471DBCADA88}.Release|Any CPU.Build.0 = Release|Any CPU
		{E00C509D-BAAE-4B54-8A98-25F0B427B588}.Debug|Any CPU.ActiveCfg = Debug|Any CPU
		{E00C509D-BAAE-4B54-8A98-25F0B427B588}.Debug|Any CPU.Build.0 = Debug|Any CPU
		{E00C509D-BAAE-4B54-8A98-25F0B427B588}.Release|Any CPU.ActiveCfg = Release|Any CPU
		{E00C509D-BAAE-4B54-8A98-25F0B427B588}.Release|Any CPU.Build.0 = Release|Any CPU
	EndGlobalSection
	GlobalSection(SolutionProperties) = preSolution
		HideSolutionNode = FALSE
	EndGlobalSection
EndGlobal
